# THIS IS AN AUTOGENERATED FILE. DO NOT EDIT THIS FILE DIRECTLY.
# yarn lockfile v1


"@ethersproject/abi@^5.0.3":
  version "5.0.3"
  resolved "https://registry.npm.taobao.org/@ethersproject/abi/download/@ethersproject/abi-5.0.3.tgz#27280ff9d44b94b5ac83064db81deb8d1b87dab1"
  integrity sha1-JygP+dRLlLWsgwZNuB3rjRuH2rE=
  dependencies:
    "@ethersproject/address" "^5.0.3"
    "@ethersproject/bignumber" "^5.0.6"
    "@ethersproject/bytes" "^5.0.4"
    "@ethersproject/constants" "^5.0.3"
    "@ethersproject/hash" "^5.0.3"
    "@ethersproject/keccak256" "^5.0.3"
    "@ethersproject/logger" "^5.0.5"
    "@ethersproject/properties" "^5.0.3"
    "@ethersproject/strings" "^5.0.3"

"@ethersproject/abstract-provider@^5.0.3":
  version "5.0.3"
  resolved "https://registry.npm.taobao.org/@ethersproject/abstract-provider/download/@ethersproject/abstract-provider-5.0.3.tgz#be3dd880bb24c15cd7eb14daeae56ba9e00d967e"
  integrity sha1-vj3YgLskwVzX6xTa6uVrqeANln4=
  dependencies:
    "@ethersproject/bignumber" "^5.0.6"
    "@ethersproject/bytes" "^5.0.4"
    "@ethersproject/logger" "^5.0.5"
    "@ethersproject/networks" "^5.0.3"
    "@ethersproject/properties" "^5.0.3"
    "@ethersproject/transactions" "^5.0.3"
    "@ethersproject/web" "^5.0.4"

"@ethersproject/abstract-signer@^5.0.3":
  version "5.0.3"
  resolved "https://registry.npm.taobao.org/@ethersproject/abstract-signer/download/@ethersproject/abstract-signer-5.0.3.tgz#197bad52933a2e8c745d55f644bab1109f1be16f"
  integrity sha1-GXutUpM6Lox0XVX2RLqxEJ8b4W8=
  dependencies:
    "@ethersproject/abstract-provider" "^5.0.3"
    "@ethersproject/bignumber" "^5.0.6"
    "@ethersproject/bytes" "^5.0.4"
    "@ethersproject/logger" "^5.0.5"
    "@ethersproject/properties" "^5.0.3"

"@ethersproject/address@^5.0.1", "@ethersproject/address@^5.0.3":
  version "5.0.3"
  resolved "https://registry.npm.taobao.org/@ethersproject/address/download/@ethersproject/address-5.0.3.tgz#86489f836d1656135fa6cae56d9fd1ab5b2c95af"
  integrity sha1-hkifg20WVhNfpsrlbZ/Rq1ssla8=
  dependencies:
    "@ethersproject/bignumber" "^5.0.6"
    "@ethersproject/bytes" "^5.0.4"
    "@ethersproject/keccak256" "^5.0.3"
    "@ethersproject/logger" "^5.0.5"
    "@ethersproject/rlp" "^5.0.3"
    bn.js "^4.4.0"

"@ethersproject/base64@^5.0.3":
  version "5.0.3"
  resolved "https://registry.npm.taobao.org/@ethersproject/base64/download/@ethersproject/base64-5.0.3.tgz#d0aaa32c9ab08e2d62a6238581607ab6e929297e"
  integrity sha1-0KqjLJqwji1ipiOFgWB6tukpKX4=
  dependencies:
    "@ethersproject/bytes" "^5.0.4"

"@ethersproject/bignumber@^5.0.6":
  version "5.0.6"
  resolved "https://registry.npm.taobao.org/@ethersproject/bignumber/download/@ethersproject/bignumber-5.0.6.tgz#1b5494a640c64096538e622b6ba8a5b8439ebde4"
  integrity sha1-G1SUpkDGQJZTjmIra6iluEOeveQ=
  dependencies:
    "@ethersproject/bytes" "^5.0.4"
    "@ethersproject/logger" "^5.0.5"
    bn.js "^4.4.0"

"@ethersproject/bytes@^5.0.4":
  version "5.0.4"
  resolved "https://registry.npm.taobao.org/@ethersproject/bytes/download/@ethersproject/bytes-5.0.4.tgz#328d9d929a3e970964ecf5d62e12568a187189f1"
  integrity sha1-Mo2dkpo+lwlk7PXWLhJWihhxifE=
  dependencies:
    "@ethersproject/logger" "^5.0.5"

"@ethersproject/constants@^5.0.3":
  version "5.0.3"
  resolved "https://registry.npm.taobao.org/@ethersproject/constants/download/@ethersproject/constants-5.0.3.tgz#7ccb8e2e9f14fbcc2d52d0e1402a83a5613a2f65"
  integrity sha1-fMuOLp8U+8wtUtDhQCqDpWE6L2U=
  dependencies:
    "@ethersproject/bignumber" "^5.0.6"

"@ethersproject/contracts@^5.0.1":
  version "5.0.3"
  resolved "https://registry.npm.taobao.org/@ethersproject/contracts/download/@ethersproject/contracts-5.0.3.tgz#9e9a395b6c9ddf1f456d9443e96c0c8d7660f79f"
  integrity sha1-npo5W2yd3x9FbZRD6WwMjXZg958=
  dependencies:
    "@ethersproject/abi" "^5.0.3"
    "@ethersproject/abstract-provider" "^5.0.3"
    "@ethersproject/abstract-signer" "^5.0.3"
    "@ethersproject/address" "^5.0.3"
    "@ethersproject/bignumber" "^5.0.6"
    "@ethersproject/bytes" "^5.0.4"
    "@ethersproject/constants" "^5.0.3"
    "@ethersproject/logger" "^5.0.5"
    "@ethersproject/properties" "^5.0.3"

"@ethersproject/hash@^5.0.3":
  version "5.0.3"
  resolved "https://registry.npm.taobao.org/@ethersproject/hash/download/@ethersproject/hash-5.0.3.tgz#41f17fd7972838831620338dad932bfe3d684209"
  integrity sha1-QfF/15coOIMWIDONrZMr/j1oQgk=
  dependencies:
    "@ethersproject/bytes" "^5.0.4"
    "@ethersproject/keccak256" "^5.0.3"
    "@ethersproject/logger" "^5.0.5"
    "@ethersproject/strings" "^5.0.3"

"@ethersproject/keccak256@^5.0.3":
  version "5.0.3"
  resolved "https://registry.npm.taobao.org/@ethersproject/keccak256/download/@ethersproject/keccak256-5.0.3.tgz#f094a8fca3bb913c044593c4f382be424292e588"
  integrity sha1-8JSo/KO7kTwERZPE84K+QkKS5Yg=
  dependencies:
    "@ethersproject/bytes" "^5.0.4"
    js-sha3 "0.5.7"

"@ethersproject/logger@^5.0.5":
  version "5.0.5"
  resolved "https://registry.npm.taobao.org/@ethersproject/logger/download/@ethersproject/logger-5.0.5.tgz#e3ba3d0bcf9f5be4da5f043b1e328eb98b80002f"
  integrity sha1-47o9C8+fW+TaXwQ7HjKOuYuAAC8=

"@ethersproject/networks@^5.0.1", "@ethersproject/networks@^5.0.3":
  version "5.0.3"
  resolved "https://registry.npm.taobao.org/@ethersproject/networks/download/@ethersproject/networks-5.0.3.tgz#c4ebe56e79ca399247382627e50a022aa68ece55"
  integrity sha1-xOvlbnnKOZJHOCYn5QoCKqaOzlU=
  dependencies:
    "@ethersproject/logger" "^5.0.5"

"@ethersproject/properties@^5.0.3":
  version "5.0.3"
  resolved "https://registry.npm.taobao.org/@ethersproject/properties/download/@ethersproject/properties-5.0.3.tgz#991aef39a5f87d4645cee76cec4df868bfb08be6"
  integrity sha1-mRrvOaX4fUZFzuds7E34aL+wi+Y=
  dependencies:
    "@ethersproject/logger" "^5.0.5"

"@ethersproject/providers@^5.0.4":
  version "5.0.6"
  resolved "https://registry.npm.taobao.org/@ethersproject/providers/download/@ethersproject/providers-5.0.6.tgz#caad9a9181e4792549850af18cbbe390e42c86a7"
  integrity sha1-yq2akYHkeSVJhQrxjLvjkOQshqc=
  dependencies:
    "@ethersproject/abstract-provider" "^5.0.3"
    "@ethersproject/abstract-signer" "^5.0.3"
    "@ethersproject/address" "^5.0.3"
    "@ethersproject/bignumber" "^5.0.6"
    "@ethersproject/bytes" "^5.0.4"
    "@ethersproject/constants" "^5.0.3"
    "@ethersproject/hash" "^5.0.3"
    "@ethersproject/logger" "^5.0.5"
    "@ethersproject/networks" "^5.0.3"
    "@ethersproject/properties" "^5.0.3"
    "@ethersproject/random" "^5.0.3"
    "@ethersproject/rlp" "^5.0.3"
    "@ethersproject/strings" "^5.0.3"
    "@ethersproject/transactions" "^5.0.3"
    "@ethersproject/web" "^5.0.4"
    ws "7.2.3"

"@ethersproject/random@^5.0.3":
  version "5.0.3"
  resolved "https://registry.npm.taobao.org/@ethersproject/random/download/@ethersproject/random-5.0.3.tgz#ec16546fffdc10b9082f1207bd3a09f54cbcf5e6"
  integrity sha1-7BZUb//cELkILxIHvToJ9Uy89eY=
  dependencies:
    "@ethersproject/bytes" "^5.0.4"
    "@ethersproject/logger" "^5.0.5"

"@ethersproject/rlp@^5.0.3":
  version "5.0.3"
  resolved "https://registry.npm.taobao.org/@ethersproject/rlp/download/@ethersproject/rlp-5.0.3.tgz#841a5edfdf725f92155fe74424f5510c9043c13a"
  integrity sha1-hBpe399yX5IVX+dEJPVRDJBDwTo=
  dependencies:
    "@ethersproject/bytes" "^5.0.4"
    "@ethersproject/logger" "^5.0.5"

"@ethersproject/sha2@^5.0.3":
  version "5.0.3"
  resolved "https://registry.npm.taobao.org/@ethersproject/sha2/download/@ethersproject/sha2-5.0.3.tgz#52c16edc1135d0ec7d242d88eed035dae72800c0"
  integrity sha1-UsFu3BE10Ox9JC2I7tA12ucoAMA=
  dependencies:
    "@ethersproject/bytes" "^5.0.4"
    "@ethersproject/logger" "^5.0.5"
    hash.js "1.1.3"

"@ethersproject/signing-key@^5.0.4":
  version "5.0.4"
  resolved "https://registry.npm.taobao.org/@ethersproject/signing-key/download/@ethersproject/signing-key-5.0.4.tgz#a5334ce8a52d4e9736dc8fb6ecc384704ecf8783"
  integrity sha1-pTNM6KUtTpc23I+27MOEcE7Ph4M=
  dependencies:
    "@ethersproject/bytes" "^5.0.4"
    "@ethersproject/logger" "^5.0.5"
    "@ethersproject/properties" "^5.0.3"
    elliptic "6.5.3"

"@ethersproject/solidity@^5.0.1":
  version "5.0.3"
  resolved "https://registry.npm.taobao.org/@ethersproject/solidity/download/@ethersproject/solidity-5.0.3.tgz#178197cb2f19d2986dadd515928c5dba3cb27e55"
  integrity sha1-F4GXyy8Z0phtrdUVkoxdujyyflU=
  dependencies:
    "@ethersproject/bignumber" "^5.0.6"
    "@ethersproject/bytes" "^5.0.4"
    "@ethersproject/keccak256" "^5.0.3"
    "@ethersproject/sha2" "^5.0.3"
    "@ethersproject/strings" "^5.0.3"

"@ethersproject/strings@^5.0.3":
  version "5.0.3"
  resolved "https://registry.npm.taobao.org/@ethersproject/strings/download/@ethersproject/strings-5.0.3.tgz#756cc4b93203a091966d40824b0b28048e2d5d9b"
  integrity sha1-dWzEuTIDoJGWbUCCSwsoBI4tXZs=
  dependencies:
    "@ethersproject/bytes" "^5.0.4"
    "@ethersproject/constants" "^5.0.3"
    "@ethersproject/logger" "^5.0.5"

"@ethersproject/transactions@^5.0.3":
  version "5.0.3"
  resolved "https://registry.npm.taobao.org/@ethersproject/transactions/download/@ethersproject/transactions-5.0.3.tgz#7cd82fa6d63043fb5cd561a8ed72df046a968430"
  integrity sha1-fNgvptYwQ/tc1WGo7XLfBGqWhDA=
  dependencies:
    "@ethersproject/address" "^5.0.3"
    "@ethersproject/bignumber" "^5.0.6"
    "@ethersproject/bytes" "^5.0.4"
    "@ethersproject/constants" "^5.0.3"
    "@ethersproject/keccak256" "^5.0.3"
    "@ethersproject/logger" "^5.0.5"
    "@ethersproject/properties" "^5.0.3"
    "@ethersproject/rlp" "^5.0.3"
    "@ethersproject/signing-key" "^5.0.4"

"@ethersproject/web@^5.0.4":
  version "5.0.4"
  resolved "https://registry.npm.taobao.org/@ethersproject/web/download/@ethersproject/web-5.0.4.tgz#75ff66ae8196934aa2a4a62448163fa6be971b2f"
  integrity sha1-df9mroGWk0qipKYkSBY/pr6XGy8=
  dependencies:
    "@ethersproject/base64" "^5.0.3"
    "@ethersproject/bytes" "^5.0.4"
    "@ethersproject/logger" "^5.0.5"
    "@ethersproject/properties" "^5.0.3"
    "@ethersproject/strings" "^5.0.3"

"@openzeppelin/contracts@^3.1.0":
  version "3.1.0"
  resolved "https://registry.npm.taobao.org/@openzeppelin/contracts/download/@openzeppelin/contracts-3.1.0.tgz#bcea457ef89069fbe5a617f50b25b6a8272895d5"
  integrity sha1-vOpFfviQafvlphf1CyW2qCcoldU=

"@uniswap/lib@1.1.1":
  version "1.1.1"
  resolved "https://registry.npm.taobao.org/@uniswap/lib/download/@uniswap/lib-1.1.1.tgz#0afd29601846c16e5d082866cbb24a9e0758e6bc"
  integrity sha1-Cv0pYBhGwW5dCChmy7JKngdY5rw=

"@uniswap/lib@^1.1.2":
  version "1.1.2"
  resolved "https://registry.npm.taobao.org/@uniswap/lib/download/@uniswap/lib-1.1.2.tgz#9262c75432e99bf5af665d612a58680de933b28e"
  integrity sha1-kmLHVDLpm/WvZl1hKlhoDekzso4=

"@uniswap/sdk@^3.0.2":
  version "3.0.2"
  resolved "https://registry.npm.taobao.org/@uniswap/sdk/download/@uniswap/sdk-3.0.2.tgz#c75da48a8d7c3e62556c2b29d6c0f75f133d6afa"
  integrity sha1-x12kio18PmJVbCsp1sD3XxM9avo=
  dependencies:
    "@ethersproject/address" "^5.0.1"
    "@ethersproject/contracts" "^5.0.1"
    "@ethersproject/networks" "^5.0.1"
    "@ethersproject/providers" "^5.0.4"
    "@ethersproject/solidity" "^5.0.1"
    "@uniswap/v2-core" "^1.0.0"
    big.js "^5.2.2"
    decimal.js-light "^2.5.0"
    jsbi "^3.1.1"
    tiny-invariant "^1.1.0"
    tiny-warning "^1.0.3"
    toformat "^2.0.0"

"@uniswap/v2-core@1.0.0":
  version "1.0.0"
  resolved "https://registry.npm.taobao.org/@uniswap/v2-core/download/@uniswap/v2-core-1.0.0.tgz#e0fab91a7d53e8cafb5326ae4ca18351116b0844"
  integrity sha1-4Pq5Gn1T6Mr7UyauTKGDURFrCEQ=

"@uniswap/v2-core@^1.0.0":
  version "1.0.1"
  resolved "https://registry.npm.taobao.org/@uniswap/v2-core/download/@uniswap/v2-core-1.0.1.tgz#af8f508bf183204779938969e2e54043e147d425"
  integrity sha1-r49Qi/GDIEd5k4lp4uVAQ+FH1CU=

"@uniswap/v2-periphery@^1.1.0-beta.0":
  version "1.1.0-beta.0"
  resolved "https://registry.npm.taobao.org/@uniswap/v2-periphery/download/@uniswap/v2-periphery-1.1.0-beta.0.tgz#20a4ccfca22f1a45402303aedb5717b6918ebe6d"
  integrity sha1-IKTM/KIvGkVAIwOu21cXtpGOvm0=
  dependencies:
    "@uniswap/lib" "1.1.1"
    "@uniswap/v2-core" "1.0.0"

aes-js@3.0.0:
  version "3.0.0"
  resolved "https://registry.npm.taobao.org/aes-js/download/aes-js-3.0.0.tgz#e21df10ad6c2053295bcbb8dab40b09dbea87e4d"
  integrity sha1-4h3xCtbCBTKVvLuNq0Cwnb6ofk0=

ansi-styles@^3.2.1:
  version "3.2.1"
  resolved "https://registry.npm.taobao.org/ansi-styles/download/ansi-styles-3.2.1.tgz#41fbb20243e50b12be0f04b8dedbf07520ce841d"
  integrity sha1-QfuyAkPlCxK+DwS43tvwdSDOhB0=
  dependencies:
    color-convert "^1.9.0"

big.js@^5.2.2:
  version "5.2.2"
  resolved "https://registry.npm.taobao.org/big.js/download/big.js-5.2.2.tgz#65f0af382f578bcdc742bd9c281e9cb2d7768328"
  integrity sha1-ZfCvOC9Xi83HQr2cKB6cstd2gyg=

bignumber.js@^9.0.0:
  version "9.0.0"
  resolved "https://registry.npm.taobao.org/bignumber.js/download/bignumber.js-9.0.0.tgz#805880f84a329b5eac6e7cb6f8274b6d82bdf075"
  integrity sha1-gFiA+Eoym16sbny2+CdLbYK98HU=

bn.js@^4.4.0:
  version "4.11.9"
  resolved "https://registry.npm.taobao.org/bn.js/download/bn.js-4.11.9.tgz#26d556829458f9d1e81fc48952493d0ba3507828"
  integrity sha1-JtVWgpRY+dHoH8SJUkk9C6NQeCg=

brorand@^1.0.1:
  version "1.1.0"
  resolved "https://registry.npm.taobao.org/brorand/download/brorand-1.1.0.tgz#12c25efe40a45e3c323eb8675a0a0ce57b22371f"
  integrity sha1-EsJe/kCkXjwyPrhnWgoM5XsiNx8=

chalk@2.4.1:
  version "2.4.1"
  resolved "https://registry.npm.taobao.org/chalk/download/chalk-2.4.1.tgz#18c49ab16a037b6eb0152cc83e3471338215b66e"
  integrity sha1-GMSasWoDe26wFSzIPjRxM4IVtm4=
  dependencies:
    ansi-styles "^3.2.1"
    escape-string-regexp "^1.0.5"
    supports-color "^5.3.0"

color-convert@^1.9.0:
  version "1.9.3"
  resolved "https://registry.npm.taobao.org/color-convert/download/color-convert-1.9.3.tgz#bb71850690e1f136567de629d2d5471deda4c1e8"
  integrity sha1-u3GFBpDh8TZWfeYp0tVHHe2kweg=
  dependencies:
    color-name "1.1.3"

color-name@1.1.3:
  version "1.1.3"
  resolved "https://registry.npm.taobao.org/color-name/download/color-name-1.1.3.tgz#a7d0558bd89c42f795dd42328f740831ca53bc25"
  integrity sha1-p9BVi9icQveV3UIyj3QIMcpTvCU=

decimal.js-light@^2.5.0:
  version "2.5.0"
  resolved "https://registry.npm.taobao.org/decimal.js-light/download/decimal.js-light-2.5.0.tgz#ca7faf504c799326df94b0ab920424fdfc125348"
  integrity sha1-yn+vUEx5kybflLCrkgQk/fwSU0g=

elliptic@6.5.2:
  version "6.5.2"
  resolved "https://registry.npm.taobao.org/elliptic/download/elliptic-6.5.2.tgz#05c5678d7173c049d8ca433552224a495d0e3762"
  integrity sha1-BcVnjXFzwEnYykM1UiJKSV0ON2I=
  dependencies:
    bn.js "^4.4.0"
    brorand "^1.0.1"
    hash.js "^1.0.0"
    hmac-drbg "^1.0.0"
    inherits "^2.0.1"
    minimalistic-assert "^1.0.0"
    minimalistic-crypto-utils "^1.0.0"

elliptic@6.5.3:
  version "6.5.3"
  resolved "https://registry.npm.taobao.org/elliptic/download/elliptic-6.5.3.tgz#cb59eb2efdaf73a0bd78ccd7015a62ad6e0f93d6"
  integrity sha1-y1nrLv2vc6C9eMzXAVpirW4Pk9Y=
  dependencies:
    bn.js "^4.4.0"
    brorand "^1.0.1"
    hash.js "^1.0.0"
    hmac-drbg "^1.0.0"
    inherits "^2.0.1"
    minimalistic-assert "^1.0.0"
    minimalistic-crypto-utils "^1.0.0"

escape-string-regexp@^1.0.5:
  version "1.0.5"
  resolved "https://registry.npm.taobao.org/escape-string-regexp/download/escape-string-regexp-1.0.5.tgz#1b61c0562190a8dff6ae3bb2cf0200ca130b86d4"
  integrity sha1-G2HAViGQqN/2rjuyzwIAyhMLhtQ=

etherlime-config@^1.0.0:
  version "1.0.0"
  resolved "https://registry.npm.taobao.org/etherlime-config/download/etherlime-config-1.0.0.tgz#d183fd3cab01bdd0ab6c29bf565075d9326b8c68"
  integrity sha1-0YP9PKsBvdCrbCm/VlB12TJrjGg=

etherlime-lib@^1.2.3:
  version "1.2.3"
  resolved "https://registry.npm.taobao.org/etherlime-lib/download/etherlime-lib-1.2.3.tgz#53a7ca2ba56799d8bd59d8a5178d72f4f7131de1"
  integrity sha1-U6fKK6Vnmdi9WdilF41y9PcTHeE=
  dependencies:
    etherlime-config "^1.0.0"
    etherlime-logger "^1.2.1"
    etherlime-utils "^1.1.4"
    ethers "git+https://github.com/LimeChain/ethers.js.git#master"
    typescript "^3.5.1"

etherlime-logger@^1.2.1:
  version "1.2.1"
  resolved "https://registry.npm.taobao.org/etherlime-logger/download/etherlime-logger-1.2.1.tgz#28cdc194ff53c7f7df4464bb12d5ab0e6c9fb554"
  integrity sha1-KM3BlP9Tx/ffRGS7EtWrDmyftVQ=
  dependencies:
    fs-extra "7.0.1"

etherlime-utils@^1.1.4:
  version "1.1.4"
  resolved "https://registry.npm.taobao.org/etherlime-utils/download/etherlime-utils-1.1.4.tgz#1c15dcdd695d878b4a7af6222f5a55a54cab1187"
  integrity sha1-HBXc3Wldh4tKevYiL1pVpUyrEYc=
  dependencies:
    chalk "2.4.1"

"ethers@git+https://github.com/LimeChain/ethers.js.git#master":
  version "4.0.46"
  resolved "git+https://github.com/LimeChain/ethers.js.git#7eceb12e0a05ed1e44834556f6a32e20918abf1b"
  dependencies:
    aes-js "3.0.0"
    bn.js "^4.4.0"
    elliptic "6.5.2"
    hash.js "1.1.3"
    js-sha3 "0.5.7"
    scrypt-js "2.0.4"
    setimmediate "1.0.4"
    uuid "2.0.1"
    xmlhttprequest "1.8.0"

fs-extra@7.0.1:
  version "7.0.1"
  resolved "https://registry.npm.taobao.org/fs-extra/download/fs-extra-7.0.1.tgz#4f189c44aa123b895f722804f55ea23eadc348e9"
  integrity sha1-TxicRKoSO4lfcigE9V6iPq3DSOk=
  dependencies:
    graceful-fs "^4.1.2"
    jsonfile "^4.0.0"
    universalify "^0.1.0"

graceful-fs@^4.1.2, graceful-fs@^4.1.6:
  version "4.2.4"
  resolved "https://registry.npm.taobao.org/graceful-fs/download/graceful-fs-4.2.4.tgz#2256bde14d3632958c465ebc96dc467ca07a29fb"
  integrity sha1-Ila94U02MpWMRl68ltxGfKB6Kfs=

has-flag@^3.0.0:
  version "3.0.0"
  resolved "https://registry.npm.taobao.org/has-flag/download/has-flag-3.0.0.tgz#b5d454dc2199ae225699f3467e5a07f3b955bafd"
  integrity sha1-tdRU3CGZriJWmfNGfloH87lVuv0=

hash.js@1.1.3:
  version "1.1.3"
  resolved "https://registry.npm.taobao.org/hash.js/download/hash.js-1.1.3.tgz#340dedbe6290187151c1ea1d777a3448935df846"
  integrity sha1-NA3tvmKQGHFRweodd3o0SJNd+EY=
  dependencies:
    inherits "^2.0.3"
    minimalistic-assert "^1.0.0"

hash.js@^1.0.0, hash.js@^1.0.3:
  version "1.1.7"
  resolved "https://registry.npm.taobao.org/hash.js/download/hash.js-1.1.7.tgz#0babca538e8d4ee4a0f8988d68866537a003cf42"
  integrity sha1-C6vKU46NTuSg+JiNaIZlN6ADz0I=
  dependencies:
    inherits "^2.0.3"
    minimalistic-assert "^1.0.1"

hmac-drbg@^1.0.0:
  version "1.0.1"
  resolved "https://registry.npm.taobao.org/hmac-drbg/download/hmac-drbg-1.0.1.tgz#d2745701025a6c775a6c545793ed502fc0c649a1"
  integrity sha1-0nRXAQJabHdabFRXk+1QL8DGSaE=
  dependencies:
    hash.js "^1.0.3"
    minimalistic-assert "^1.0.0"
    minimalistic-crypto-utils "^1.0.1"

inherits@^2.0.1, inherits@^2.0.3:
  version "2.0.4"
  resolved "https://registry.npm.taobao.org/inherits/download/inherits-2.0.4.tgz#0fa2c64f932917c3433a0ded55363aae37416b7c"
  integrity sha1-D6LGT5MpF8NDOg3tVTY6rjdBa3w=

js-sha3@0.5.7:
  version "0.5.7"
  resolved "https://registry.npm.taobao.org/js-sha3/download/js-sha3-0.5.7.tgz#0d4ffd8002d5333aabaf4a23eed2f6374c9f28e7"
  integrity sha1-DU/9gALVMzqrr0oj7tL2N0yfKOc=

jsbi@^3.1.1:
  version "3.1.3"
  resolved "https://registry.npm.taobao.org/jsbi/download/jsbi-3.1.3.tgz#f024b340032f7c7caaa6ca4b32b55e8d33f6e897"
  integrity sha1-8CSzQAMvfHyqpspLMrVejTP26Jc=

jsonfile@^4.0.0:
  version "4.0.0"
  resolved "https://registry.npm.taobao.org/jsonfile/download/jsonfile-4.0.0.tgz#8771aae0799b64076b76640fca058f9c10e33ecb"
  integrity sha1-h3Gq4HmbZAdrdmQPygWPnBDjPss=
  optionalDependencies:
    graceful-fs "^4.1.6"

minimalistic-assert@^1.0.0, minimalistic-assert@^1.0.1:
  version "1.0.1"
  resolved "https://registry.npm.taobao.org/minimalistic-assert/download/minimalistic-assert-1.0.1.tgz#2e194de044626d4a10e7f7fbc00ce73e83e4d5c7"
  integrity sha1-LhlN4ERibUoQ5/f7wAznPoPk1cc=

minimalistic-crypto-utils@^1.0.0, minimalistic-crypto-utils@^1.0.1:
  version "1.0.1"
  resolved "https://registry.npm.taobao.org/minimalistic-crypto-utils/download/minimalistic-crypto-utils-1.0.1.tgz#f6c00c1c0b082246e5c4d99dfb8c7c083b2b582a"
  integrity sha1-9sAMHAsIIkblxNmd+4x8CDsrWCo=

scrypt-js@2.0.4:
  version "2.0.4"
  resolved "https://registry.npm.taobao.org/scrypt-js/download/scrypt-js-2.0.4.tgz#32f8c5149f0797672e551c07e230f834b6af5f16"
  integrity sha1-MvjFFJ8Hl2cuVRwH4jD4NLavXxY=

setimmediate@1.0.4:
  version "1.0.4"
  resolved "https://registry.npm.taobao.org/setimmediate/download/setimmediate-1.0.4.tgz#20e81de622d4a02588ce0c8da8973cbcf1d3138f"
  integrity sha1-IOgd5iLUoCWIzgyNqJc8vPHTE48=

supports-color@^5.3.0:
  version "5.5.0"
  resolved "https://registry.npm.taobao.org/supports-color/download/supports-color-5.5.0.tgz#e2e69a44ac8772f78a1ec0b35b689df6530efc8f"
  integrity sha1-4uaaRKyHcveKHsCzW2id9lMO/I8=
  dependencies:
    has-flag "^3.0.0"

tiny-invariant@^1.1.0:
  version "1.1.0"
  resolved "https://registry.npm.taobao.org/tiny-invariant/download/tiny-invariant-1.1.0.tgz#634c5f8efdc27714b7f386c35e6760991d230875"
  integrity sha1-Y0xfjv3CdxS384bDXmdgmR0jCHU=

tiny-warning@^1.0.3:
  version "1.0.3"
  resolved "https://registry.npm.taobao.org/tiny-warning/download/tiny-warning-1.0.3.tgz#94a30db453df4c643d0fd566060d60a875d84754"
  integrity sha1-lKMNtFPfTGQ9D9VmBg1gqHXYR1Q=

toformat@^2.0.0:
  version "2.0.0"
  resolved "https://registry.npm.taobao.org/toformat/download/toformat-2.0.0.tgz#7a043fd2dfbe9021a4e36e508835ba32056739d8"
  integrity sha1-egQ/0t++kCGk425QiDW6MgVnOdg=

typescript@^3.5.1:
  version "3.9.7"
  resolved "https://registry.npm.taobao.org/typescript/download/typescript-3.9.7.tgz?cache=0&sync_timestamp=1598512851966&other_urls=https%3A%2F%2Fregistry.npm.taobao.org%2Ftypescript%2Fdownload%2Ftypescript-3.9.7.tgz#98d600a5ebdc38f40cb277522f12dc800e9e25fa"
  integrity sha1-mNYApevcOPQMsndSLxLcgA6eJfo=

universalify@^0.1.0:
  version "0.1.2"
  resolved "https://registry.npm.taobao.org/universalify/download/universalify-0.1.2.tgz#b646f69be3942dabcecc9d6639c80dc105efaa66"
  integrity sha1-tkb2m+OULavOzJ1mOcgNwQXvqmY=

uuid@2.0.1:
  version "2.0.1"
  resolved "https://registry.npm.taobao.org/uuid/download/uuid-2.0.1.tgz#c2a30dedb3e535d72ccf82e343941a50ba8533ac"
  integrity sha1-wqMN7bPlNdcsz4LjQ5QaULqFM6w=

ws@7.2.3:
  version "7.2.3"
  resolved "https://registry.npm.taobao.org/ws/download/ws-7.2.3.tgz#a5411e1fb04d5ed0efee76d26d5c46d830c39b46"
  integrity sha1-pUEeH7BNXtDv7nbSbVxG2DDDm0Y=

xmlhttprequest@1.8.0:
  version "1.8.0"
  resolved "https://registry.npm.taobao.org/xmlhttprequest/download/xmlhttprequest-1.8.0.tgz#67fe075c5c24fef39f9d65f5f7b7fe75171968fc"
  integrity sha1-Z/4HXFwk/vOfnWX197f+dRcZaPw=
